
Microsoft Visual Studio Solution File, Format Version 12.00
# Visual Studio 15
VisualStudioVersion = 15.0.27004.2010
MinimumVisualStudioVersion = 10.0.40219.1
Project("{9A19103F-16F7-4668-BE54-9A1E7A4F7556}") = "CRA.ClientLibrary", "CRA.ClientLibrary\CRA.ClientLibrary.csproj", "{EF23EB6A-E329-496D-9B7A-8CAD66EA4E3A}"
EndProject
Project("{9A19103F-16F7-4668-BE54-9A1E7A4F7556}") = "CRA.Worker", "CRA.Worker\CRA.Worker.csproj", "{85331F0D-B724-45D7-9BB2-AC703E73DE3B}"
EndProject
Project("{FAE04EC0-301F-11D3-BF4B-00C04F79EFBC}") = "ConnectionPair", "Samples\ConnectionPair\ConnectionPair.csproj", "{00F97B37-965A-4F20-B5B2-E182D20509C2}"
EndProject
Project("{2150E333-8FDC-42A3-9474-1A3956D46DE8}") = "Samples", "Samples", "{EC027445-85E2-4FD3-83F3-224CA6481849}"
EndProject
Project("{2150E333-8FDC-42A3-9474-1A3956D46DE8}") = "Core", "Core", "{AF66150E-52D6-402F-BA4D-D3FDDA71C73F}"
EndProject
Project("{FAE04EC0-301F-11D3-BF4B-00C04F79EFBC}") = "BandwidthTest", "Samples\BandwidthTest\BandwidthTest.csproj", "{3C700A3B-9958-4470-9639-87964D20B11A}"
EndProject
Project("{FAE04EC0-301F-11D3-BF4B-00C04F79EFBC}") = "FusableConnectionPair", "Samples\FusableConnectionPair\FusableConnectionPair.csproj", "{73DDDFAF-6075-405F-B171-C935EE38B44A}"
EndProject
Project("{FAE04EC0-301F-11D3-BF4B-00C04F79EFBC}") = "ShardedConnectionPair", "Samples\ShardedConnectionPair\ShardedConnectionPair.csproj", "{E3179DFF-83BC-4F87-BC77-58418E7736AE}"
EndProject
Global
	GlobalSection(SolutionConfigurationPlatforms) = preSolution
		Debug|Any CPU = Debug|Any CPU
		Debug|x64 = Debug|x64
		Release|Any CPU = Release|Any CPU
		Release|x64 = Release|x64
	EndGlobalSection
	GlobalSection(ProjectConfigurationPlatforms) = postSolution
		{EF23EB6A-E329-496D-9B7A-8CAD66EA4E3A}.Debug|Any CPU.ActiveCfg = Debug|Any CPU
		{EF23EB6A-E329-496D-9B7A-8CAD66EA4E3A}.Debug|Any CPU.Build.0 = Debug|Any CPU
		{EF23EB6A-E329-496D-9B7A-8CAD66EA4E3A}.Debug|x64.ActiveCfg = Debug|Any CPU
		{EF23EB6A-E329-496D-9B7A-8CAD66EA4E3A}.Debug|x64.Build.0 = Debug|Any CPU
		{EF23EB6A-E329-496D-9B7A-8CAD66EA4E3A}.Release|Any CPU.ActiveCfg = Release|Any CPU
		{EF23EB6A-E329-496D-9B7A-8CAD66EA4E3A}.Release|Any CPU.Build.0 = Release|Any CPU
		{EF23EB6A-E329-496D-9B7A-8CAD66EA4E3A}.Release|x64.ActiveCfg = Release|Any CPU
		{EF23EB6A-E329-496D-9B7A-8CAD66EA4E3A}.Release|x64.Build.0 = Release|Any CPU
		{85331F0D-B724-45D7-9BB2-AC703E73DE3B}.Debug|Any CPU.ActiveCfg = Debug|Any CPU
		{85331F0D-B724-45D7-9BB2-AC703E73DE3B}.Debug|Any CPU.Build.0 = Debug|Any CPU
		{85331F0D-B724-45D7-9BB2-AC703E73DE3B}.Debug|x64.ActiveCfg = Debug|Any CPU
		{85331F0D-B724-45D7-9BB2-AC703E73DE3B}.Debug|x64.Build.0 = Debug|Any CPU
		{85331F0D-B724-45D7-9BB2-AC703E73DE3B}.Release|Any CPU.ActiveCfg = Release|Any CPU
		{85331F0D-B724-45D7-9BB2-AC703E73DE3B}.Release|Any CPU.Build.0 = Release|Any CPU
		{85331F0D-B724-45D7-9BB2-AC703E73DE3B}.Release|x64.ActiveCfg = Release|Any CPU
		{85331F0D-B724-45D7-9BB2-AC703E73DE3B}.Release|x64.Build.0 = Release|Any CPU
		{00F97B37-965A-4F20-B5B2-E182D20509C2}.Debug|Any CPU.ActiveCfg = Debug|Any CPU
		{00F97B37-965A-4F20-B5B2-E182D20509C2}.Debug|Any CPU.Build.0 = Debug|Any CPU
		{00F97B37-965A-4F20-B5B2-E182D20509C2}.Debug|x64.ActiveCfg = Debug|Any CPU
		{00F97B37-965A-4F20-B5B2-E182D20509C2}.Debug|x64.Build.0 = Debug|Any CPU
		{00F97B37-965A-4F20-B5B2-E182D20509C2}.Release|Any CPU.ActiveCfg = Release|Any CPU
		{00F97B37-965A-4F20-B5B2-E182D20509C2}.Release|Any CPU.Build.0 = Release|Any CPU
		{00F97B37-965A-4F20-B5B2-E182D20509C2}.Release|x64.ActiveCfg = Release|Any CPU
		{00F97B37-965A-4F20-B5B2-E182D20509C2}.Release|x64.Build.0 = Release|Any CPU
		{3C700A3B-9958-4470-9639-87964D20B11A}.Debug|Any CPU.ActiveCfg = Debug|Any CPU
		{3C700A3B-9958-4470-9639-87964D20B11A}.Debug|Any CPU.Build.0 = Debug|Any CPU
		{3C700A3B-9958-4470-9639-87964D20B11A}.Debug|x64.ActiveCfg = Debug|x64
		{3C700A3B-9958-4470-9639-87964D20B11A}.Debug|x64.Build.0 = Debug|x64
		{3C700A3B-9958-4470-9639-87964D20B11A}.Release|Any CPU.ActiveCfg = Release|Any CPU
		{3C700A3B-9958-4470-9639-87964D20B11A}.Release|Any CPU.Build.0 = Release|Any CPU
		{3C700A3B-9958-4470-9639-87964D20B11A}.Release|x64.ActiveCfg = Release|x64
		{3C700A3B-9958-4470-9639-87964D20B11A}.Release|x64.Build.0 = Release|x64
		{73DDDFAF-6075-405F-B171-C935EE38B44A}.Debug|Any CPU.ActiveCfg = Debug|Any CPU
		{73DDDFAF-6075-405F-B171-C935EE38B44A}.Debug|Any CPU.Build.0 = Debug|Any CPU
		{73DDDFAF-6075-405F-B171-C935EE38B44A}.Debug|x64.ActiveCfg = Debug|x64
		{73DDDFAF-6075-405F-B171-C935EE38B44A}.Debug|x64.Build.0 = Debug|x64
		{73DDDFAF-6075-405F-B171-C935EE38B44A}.Release|Any CPU.ActiveCfg = Release|Any CPU
		{73DDDFAF-6075-405F-B171-C935EE38B44A}.Release|Any CPU.Build.0 = Release|Any CPU
		{73DDDFAF-6075-405F-B171-C935EE38B44A}.Release|x64.ActiveCfg = Release|x64
		{73DDDFAF-6075-405F-B171-C935EE38B44A}.Release|x64.Build.0 = Release|x64
		{E3179DFF-83BC-4F87-BC77-58418E7736AE}.Debug|Any CPU.ActiveCfg = Debug|Any CPU
		{E3179DFF-83BC-4F87-BC77-58418E7736AE}.Debug|Any CPU.Build.0 = Debug|Any CPU
		{E3179DFF-83BC-4F87-BC77-58418E7736AE}.Debug|x64.ActiveCfg = Debug|x64
		{E3179DFF-83BC-4F87-BC77-58418E7736AE}.Debug|x64.Build.0 = Debug|x64
		{E3179DFF-83BC-4F87-BC77-58418E7736AE}.Release|Any CPU.ActiveCfg = Release|Any CPU
		{E3179DFF-83BC-4F87-BC77-58418E7736AE}.Release|Any CPU.Build.0 = Release|Any CPU
		{E3179DFF-83BC-4F87-BC77-58418E7736AE}.Release|x64.ActiveCfg = Release|x64
		{E3179DFF-83BC-4F87-BC77-58418E7736AE}.Release|x64.Build.0 = Release|x64
	EndGlobalSection
	GlobalSection(SolutionProperties) = preSolution
		HideSolutionNode = FALSE
	EndGlobalSection
	GlobalSection(NestedProjects) = preSolution
		{EF23EB6A-E329-496D-9B7A-8CAD66EA4E3A} = {AF66150E-52D6-402F-BA4D-D3FDDA71C73F}
		{85331F0D-B724-45D7-9BB2-AC703E73DE3B} = {AF66150E-52D6-402F-BA4D-D3FDDA71C73F}
		{00F97B37-965A-4F20-B5B2-E182D20509C2} = {EC027445-85E2-4FD3-83F3-224CA6481849}
		{3C700A3B-9958-4470-9639-87964D20B11A} = {EC027445-85E2-4FD3-83F3-224CA6481849}
		{73DDDFAF-6075-405F-B171-C935EE38B44A} = {EC027445-85E2-4FD3-83F3-224CA6481849}
		{E3179DFF-83BC-4F87-BC77-58418E7736AE} = {EC027445-85E2-4FD3-83F3-224CA6481849}
	EndGlobalSection
	GlobalSection(ExtensibilityGlobals) = postSolution
		SolutionGuid = {56499FC6-00D1-40EF-ACD5-99EDF9A957EB}
	EndGlobalSection
EndGlobal
